// !$*UTF8*$!
{
	archiveVersion = 1;
	classes = {
	};
	objectVersion = 55;
	objects = {

/* Begin PBXBuildFile section */
		2E60D34B1E1FDE7FFA10A3B0 /* Pods_GithubApp_RxSwift_GithubApp_RxSwiftUITests.framework in Frameworks */ = {isa = PBXBuildFile; fileRef = 02D3BC1DD6B8516E1CC95F4E /* Pods_GithubApp_RxSwift_GithubApp_RxSwiftUITests.framework */; };
		5A5D21331BE9DBC72B7CCDBB /* Pods_GithubApp_RxSwiftTests.framework in Frameworks */ = {isa = PBXBuildFile; fileRef = 718BB71CD3F55347F4FA24F9 /* Pods_GithubApp_RxSwiftTests.framework */; };
		AF9E5E8C51439C474128B58E /* Pods_GithubApp_RxSwift.framework in Frameworks */ = {isa = PBXBuildFile; fileRef = A244846CD1E83408B36A21BC /* Pods_GithubApp_RxSwift.framework */; };
		E16E2B0F28472E98003FB03D /* AppDelegate.swift in Sources */ = {isa = PBXBuildFile; fileRef = E16E2B0E28472E98003FB03D /* AppDelegate.swift */; };
		E16E2B1128472E98003FB03D /* SceneDelegate.swift in Sources */ = {isa = PBXBuildFile; fileRef = E16E2B1028472E98003FB03D /* SceneDelegate.swift */; };
		E16E2B1828472E9A003FB03D /* Assets.xcassets in Resources */ = {isa = PBXBuildFile; fileRef = E16E2B1728472E9A003FB03D /* Assets.xcassets */; };
		E16E2B1B28472E9A003FB03D /* LaunchScreen.storyboard in Resources */ = {isa = PBXBuildFile; fileRef = E16E2B1928472E9A003FB03D /* LaunchScreen.storyboard */; };
		E1B1CA4128472F8100BF172B /* RepositoryListViewController.swift in Sources */ = {isa = PBXBuildFile; fileRef = E1B1CA4028472F8100BF172B /* RepositoryListViewController.swift */; };
		E1B1CA432847303500BF172B /* RepositoryListCell.swift in Sources */ = {isa = PBXBuildFile; fileRef = E1B1CA422847303500BF172B /* RepositoryListCell.swift */; };
		E1B1CA46284730BA00BF172B /* SnapKit in Frameworks */ = {isa = PBXBuildFile; productRef = E1B1CA45284730BA00BF172B /* SnapKit */; };
		E1B1CA48284737E800BF172B /* Repository.swift in Sources */ = {isa = PBXBuildFile; fileRef = E1B1CA47284737E800BF172B /* Repository.swift */; };
/* End PBXBuildFile section */

/* Begin PBXContainerItemProxy section */
		E16E2B2228472E9A003FB03D /* PBXContainerItemProxy */ = {
			isa = PBXContainerItemProxy;
			containerPortal = E16E2B0328472E98003FB03D /* Project object */;
			proxyType = 1;
			remoteGlobalIDString = E16E2B0A28472E98003FB03D;
			remoteInfo = GithubApp_RxSwift;
		};
		E16E2B2C28472E9A003FB03D /* PBXContainerItemProxy */ = {
			isa = PBXContainerItemProxy;
			containerPortal = E16E2B0328472E98003FB03D /* Project object */;
			proxyType = 1;
			remoteGlobalIDString = E16E2B0A28472E98003FB03D;
			remoteInfo = GithubApp_RxSwift;
		};
/* End PBXContainerItemProxy section */

/* Begin PBXFileReference section */
		02D3BC1DD6B8516E1CC95F4E /* Pods_GithubApp_RxSwift_GithubApp_RxSwiftUITests.framework */ = {isa = PBXFileReference; explicitFileType = wrapper.framework; includeInIndex = 0; path = Pods_GithubApp_RxSwift_GithubApp_RxSwiftUITests.framework; sourceTree = BUILT_PRODUCTS_DIR; };
		07F5451F791C4EF5C0F81294 /* Pods-GithubApp_RxSwift.debug.xcconfig */ = {isa = PBXFileReference; includeInIndex = 1; lastKnownFileType = text.xcconfig; name = "Pods-GithubApp_RxSwift.debug.xcconfig"; path = "Target Support Files/Pods-GithubApp_RxSwift/Pods-GithubApp_RxSwift.debug.xcconfig"; sourceTree = "<group>"; };
		3F4F76B9E1451EAB81451818 /* Pods-GithubApp_RxSwift-GithubApp_RxSwiftUITests.debug.xcconfig */ = {isa = PBXFileReference; includeInIndex = 1; lastKnownFileType = text.xcconfig; name = "Pods-GithubApp_RxSwift-GithubApp_RxSwiftUITests.debug.xcconfig"; path = "Target Support Files/Pods-GithubApp_RxSwift-GithubApp_RxSwiftUITests/Pods-GithubApp_RxSwift-GithubApp_RxSwiftUITests.debug.xcconfig"; sourceTree = "<group>"; };
		57E53EC8F558595176BAC0A5 /* Pods-GithubApp_RxSwiftTests.release.xcconfig */ = {isa = PBXFileReference; includeInIndex = 1; lastKnownFileType = text.xcconfig; name = "Pods-GithubApp_RxSwiftTests.release.xcconfig"; path = "Target Support Files/Pods-GithubApp_RxSwiftTests/Pods-GithubApp_RxSwiftTests.release.xcconfig"; sourceTree = "<group>"; };
		718BB71CD3F55347F4FA24F9 /* Pods_GithubApp_RxSwiftTests.framework */ = {isa = PBXFileReference; explicitFileType = wrapper.framework; includeInIndex = 0; path = Pods_GithubApp_RxSwiftTests.framework; sourceTree = BUILT_PRODUCTS_DIR; };
		882A8D8EAF8A2DE23BEBAA43 /* Pods-GithubApp_RxSwiftTests.debug.xcconfig */ = {isa = PBXFileReference; includeInIndex = 1; lastKnownFileType = text.xcconfig; name = "Pods-GithubApp_RxSwiftTests.debug.xcconfig"; path = "Target Support Files/Pods-GithubApp_RxSwiftTests/Pods-GithubApp_RxSwiftTests.debug.xcconfig"; sourceTree = "<group>"; };
		A244846CD1E83408B36A21BC /* Pods_GithubApp_RxSwift.framework */ = {isa = PBXFileReference; explicitFileType = wrapper.framework; includeInIndex = 0; path = Pods_GithubApp_RxSwift.framework; sourceTree = BUILT_PRODUCTS_DIR; };
		D573D284BD1BCCF3775B9EF5 /* Pods-GithubApp_RxSwift.release.xcconfig */ = {isa = PBXFileReference; includeInIndex = 1; lastKnownFileType = text.xcconfig; name = "Pods-GithubApp_RxSwift.release.xcconfig"; path = "Target Support Files/Pods-GithubApp_RxSwift/Pods-GithubApp_RxSwift.release.xcconfig"; sourceTree = "<group>"; };
		E16E2B0B28472E98003FB03D /* GithubApp_RxSwift.app */ = {isa = PBXFileReference; explicitFileType = wrapper.application; includeInIndex = 0; path = GithubApp_RxSwift.app; sourceTree = BUILT_PRODUCTS_DIR; };
		E16E2B0E28472E98003FB03D /* AppDelegate.swift */ = {isa = PBXFileReference; lastKnownFileType = sourcecode.swift; path = AppDelegate.swift; sourceTree = "<group>"; };
		E16E2B1028472E98003FB03D /* SceneDelegate.swift */ = {isa = PBXFileReference; lastKnownFileType = sourcecode.swift; path = SceneDelegate.swift; sourceTree = "<group>"; };
		E16E2B1728472E9A003FB03D /* Assets.xcassets */ = {isa = PBXFileReference; lastKnownFileType = folder.assetcatalog; path = Assets.xcassets; sourceTree = "<group>"; };
		E16E2B1A28472E9A003FB03D /* Base */ = {isa = PBXFileReference; lastKnownFileType = file.storyboard; name = Base; path = Base.lproj/LaunchScreen.storyboard; sourceTree = "<group>"; };
		E16E2B1C28472E9A003FB03D /* Info.plist */ = {isa = PBXFileReference; lastKnownFileType = text.plist.xml; path = Info.plist; sourceTree = "<group>"; };
		E16E2B2128472E9A003FB03D /* GithubApp_RxSwiftTests.xctest */ = {isa = PBXFileReference; explicitFileType = wrapper.cfbundle; includeInIndex = 0; path = GithubApp_RxSwiftTests.xctest; sourceTree = BUILT_PRODUCTS_DIR; };
		E16E2B2B28472E9A003FB03D /* GithubApp_RxSwiftUITests.xctest */ = {isa = PBXFileReference; explicitFileType = wrapper.cfbundle; includeInIndex = 0; path = GithubApp_RxSwiftUITests.xctest; sourceTree = BUILT_PRODUCTS_DIR; };
		E1B1CA4028472F8100BF172B /* RepositoryListViewController.swift */ = {isa = PBXFileReference; lastKnownFileType = sourcecode.swift; path = RepositoryListViewController.swift; sourceTree = "<group>"; };
		E1B1CA422847303500BF172B /* RepositoryListCell.swift */ = {isa = PBXFileReference; lastKnownFileType = sourcecode.swift; path = RepositoryListCell.swift; sourceTree = "<group>"; };
		E1B1CA47284737E800BF172B /* Repository.swift */ = {isa = PBXFileReference; lastKnownFileType = sourcecode.swift; path = Repository.swift; sourceTree = "<group>"; };
		F1EB35557B4BBEEFCF91704C /* Pods-GithubApp_RxSwift-GithubApp_RxSwiftUITests.release.xcconfig */ = {isa = PBXFileReference; includeInIndex = 1; lastKnownFileType = text.xcconfig; name = "Pods-GithubApp_RxSwift-GithubApp_RxSwiftUITests.release.xcconfig"; path = "Target Support Files/Pods-GithubApp_RxSwift-GithubApp_RxSwiftUITests/Pods-GithubApp_RxSwift-GithubApp_RxSwiftUITests.release.xcconfig"; sourceTree = "<group>"; };
/* End PBXFileReference section */

/* Begin PBXFrameworksBuildPhase section */
		E16E2B0828472E98003FB03D /* Frameworks */ = {
			isa = PBXFrameworksBuildPhase;
			buildActionMask = 2147483647;
			files = (
				AF9E5E8C51439C474128B58E /* Pods_GithubApp_RxSwift.framework in Frameworks */,
				E1B1CA46284730BA00BF172B /* SnapKit in Frameworks */,
			);
			runOnlyForDeploymentPostprocessing = 0;
		};
		E16E2B1E28472E9A003FB03D /* Frameworks */ = {
			isa = PBXFrameworksBuildPhase;
			buildActionMask = 2147483647;
			files = (
				5A5D21331BE9DBC72B7CCDBB /* Pods_GithubApp_RxSwiftTests.framework in Frameworks */,
			);
			runOnlyForDeploymentPostprocessing = 0;
		};
		E16E2B2828472E9A003FB03D /* Frameworks */ = {
			isa = PBXFrameworksBuildPhase;
			buildActionMask = 2147483647;
			files = (
				2E60D34B1E1FDE7FFA10A3B0 /* Pods_GithubApp_RxSwift_GithubApp_RxSwiftUITests.framework in Frameworks */,
			);
			runOnlyForDeploymentPostprocessing = 0;
		};
/* End PBXFrameworksBuildPhase section */

/* Begin PBXGroup section */
		E1621E9119A493A9C909222D /* Pods */ = {
			isa = PBXGroup;
			children = (
				07F5451F791C4EF5C0F81294 /* Pods-GithubApp_RxSwift.debug.xcconfig */,
				D573D284BD1BCCF3775B9EF5 /* Pods-GithubApp_RxSwift.release.xcconfig */,
				3F4F76B9E1451EAB81451818 /* Pods-GithubApp_RxSwift-GithubApp_RxSwiftUITests.debug.xcconfig */,
				F1EB35557B4BBEEFCF91704C /* Pods-GithubApp_RxSwift-GithubApp_RxSwiftUITests.release.xcconfig */,
				882A8D8EAF8A2DE23BEBAA43 /* Pods-GithubApp_RxSwiftTests.debug.xcconfig */,
				57E53EC8F558595176BAC0A5 /* Pods-GithubApp_RxSwiftTests.release.xcconfig */,
			);
			path = Pods;
			sourceTree = "<group>";
		};
		E16E2B0228472E98003FB03D = {
			isa = PBXGroup;
			children = (
				E16E2B0D28472E98003FB03D /* GithubApp_RxSwift */,
				E16E2B0C28472E98003FB03D /* Products */,
				E1621E9119A493A9C909222D /* Pods */,
				F635A0320A55459497688A3D /* Frameworks */,
			);
			sourceTree = "<group>";
		};
		E16E2B0C28472E98003FB03D /* Products */ = {
			isa = PBXGroup;
			children = (
				E16E2B0B28472E98003FB03D /* GithubApp_RxSwift.app */,
				E16E2B2128472E9A003FB03D /* GithubApp_RxSwiftTests.xctest */,
				E16E2B2B28472E9A003FB03D /* GithubApp_RxSwiftUITests.xctest */,
			);
			name = Products;
			sourceTree = "<group>";
		};
		E16E2B0D28472E98003FB03D /* GithubApp_RxSwift */ = {
			isa = PBXGroup;
			children = (
				E16E2B0E28472E98003FB03D /* AppDelegate.swift */,
				E16E2B1028472E98003FB03D /* SceneDelegate.swift */,
				E1B1CA4028472F8100BF172B /* RepositoryListViewController.swift */,
				E1B1CA47284737E800BF172B /* Repository.swift */,
				E1B1CA422847303500BF172B /* RepositoryListCell.swift */,
				E16E2B1728472E9A003FB03D /* Assets.xcassets */,
				E16E2B1928472E9A003FB03D /* LaunchScreen.storyboard */,
				E16E2B1C28472E9A003FB03D /* Info.plist */,
			);
			path = GithubApp_RxSwift;
			sourceTree = "<group>";
		};
		F635A0320A55459497688A3D /* Frameworks */ = {
			isa = PBXGroup;
			children = (
				A244846CD1E83408B36A21BC /* Pods_GithubApp_RxSwift.framework */,
				02D3BC1DD6B8516E1CC95F4E /* Pods_GithubApp_RxSwift_GithubApp_RxSwiftUITests.framework */,
				718BB71CD3F55347F4FA24F9 /* Pods_GithubApp_RxSwiftTests.framework */,
			);
			name = Frameworks;
			sourceTree = "<group>";
		};
/* End PBXGroup section */

/* Begin PBXNativeTarget section */
		E16E2B0A28472E98003FB03D /* GithubApp_RxSwift */ = {
			isa = PBXNativeTarget;
			buildConfigurationList = E16E2B3528472E9A003FB03D /* Build configuration list for PBXNativeTarget "GithubApp_RxSwift" */;
			buildPhases = (
				BD44E3AAEB3D675149CD85E5 /* [CP] Check Pods Manifest.lock */,
				E16E2B0728472E98003FB03D /* Sources */,
				E16E2B0828472E98003FB03D /* Frameworks */,
				E16E2B0928472E98003FB03D /* Resources */,
				3575E891E42088FF3194FFD6 /* [CP] Embed Pods Frameworks */,
			);
			buildRules = (
			);
			dependencies = (
			);
			name = GithubApp_RxSwift;
			packageProductDependencies = (
				E1B1CA45284730BA00BF172B /* SnapKit */,
			);
			productName = GithubApp_RxSwift;
			productReference = E16E2B0B28472E98003FB03D /* GithubApp_RxSwift.app */;
			productType = "com.apple.product-type.application";
		};
		E16E2B2028472E9A003FB03D /* GithubApp_RxSwiftTests */ = {
			isa = PBXNativeTarget;
			buildConfigurationList = E16E2B3828472E9A003FB03D /* Build configuration list for PBXNativeTarget "GithubApp_RxSwiftTests" */;
			buildPhases = (
				3321EC8A321853980776BBBF /* [CP] Check Pods Manifest.lock */,
				E16E2B1D28472E9A003FB03D /* Sources */,
				E16E2B1E28472E9A003FB03D /* Frameworks */,
				E16E2B1F28472E9A003FB03D /* Resources */,
			);
			buildRules = (
			);
			dependencies = (
				E16E2B2328472E9A003FB03D /* PBXTargetDependency */,
			);
			name = GithubApp_RxSwiftTests;
			productName = GithubApp_RxSwiftTests;
			productReference = E16E2B2128472E9A003FB03D /* GithubApp_RxSwiftTests.xctest */;
			productType = "com.apple.product-type.bundle.unit-test";
		};
		E16E2B2A28472E9A003FB03D /* GithubApp_RxSwiftUITests */ = {
			isa = PBXNativeTarget;
			buildConfigurationList = E16E2B3B28472E9A003FB03D /* Build configuration list for PBXNativeTarget "GithubApp_RxSwiftUITests" */;
			buildPhases = (
				FDC935C89607D9115D4C2020 /* [CP] Check Pods Manifest.lock */,
				E16E2B2728472E9A003FB03D /* Sources */,
				E16E2B2828472E9A003FB03D /* Frameworks */,
				E16E2B2928472E9A003FB03D /* Resources */,
				F541A32D318179FF0CB1C030 /* [CP] Embed Pods Frameworks */,
			);
			buildRules = (
			);
			dependencies = (
				E16E2B2D28472E9A003FB03D /* PBXTargetDependency */,
			);
			name = GithubApp_RxSwiftUITests;
			productName = GithubApp_RxSwiftUITests;
			productReference = E16E2B2B28472E9A003FB03D /* GithubApp_RxSwiftUITests.xctest */;
			productType = "com.apple.product-type.bundle.ui-testing";
		};
/* End PBXNativeTarget section */

/* Begin PBXProject section */
		E16E2B0328472E98003FB03D /* Project object */ = {
			isa = PBXProject;
			attributes = {
				BuildIndependentTargetsInParallel = 1;
				LastSwiftUpdateCheck = 1340;
				LastUpgradeCheck = 1340;
				TargetAttributes = {
					E16E2B0A28472E98003FB03D = {
						CreatedOnToolsVersion = 13.4;
					};
					E16E2B2028472E9A003FB03D = {
						CreatedOnToolsVersion = 13.4;
						TestTargetID = E16E2B0A28472E98003FB03D;
					};
					E16E2B2A28472E9A003FB03D = {
						CreatedOnToolsVersion = 13.4;
						TestTargetID = E16E2B0A28472E98003FB03D;
					};
				};
			};
			buildConfigurationList = E16E2B0628472E98003FB03D /* Build configuration list for PBXProject "GithubApp_RxSwift" */;
			compatibilityVersion = "Xcode 13.0";
			developmentRegion = en;
			hasScannedForEncodings = 0;
			knownRegions = (
				en,
				Base,
			);
			mainGroup = E16E2B0228472E98003FB03D;
			packageReferences = (
				E1B1CA44284730BA00BF172B /* XCRemoteSwiftPackageReference "SnapKit" */,
			);
			productRefGroup = E16E2B0C28472E98003FB03D /* Products */;
			projectDirPath = "";
			projectRoot = "";
			targets = (
				E16E2B0A28472E98003FB03D /* GithubApp_RxSwift */,
				E16E2B2028472E9A003FB03D /* GithubApp_RxSwiftTests */,
				E16E2B2A28472E9A003FB03D /* GithubApp_RxSwiftUITests */,
			);
		};
/* End PBXProject section */

/* Begin PBXResourcesBuildPhase section */
		E16E2B0928472E98003FB03D /* Resources */ = {
			isa = PBXResourcesBuildPhase;
			buildActionMask = 2147483647;
			files = (
				E16E2B1B28472E9A003FB03D /* LaunchScreen.storyboard in Resources */,
				E16E2B1828472E9A003FB03D /* Assets.xcassets in Resources */,
			);
			runOnlyForDeploymentPostprocessing = 0;
		};
		E16E2B1F28472E9A003FB03D /* Resources */ = {
			isa = PBXResourcesBuildPhase;
			buildActionMask = 2147483647;
			files = (
			);
			runOnlyForDeploymentPostprocessing = 0;
		};
		E16E2B2928472E9A003FB03D /* Resources */ = {
			isa = PBXResourcesBuildPhase;
			buildActionMask = 2147483647;
			files = (
			);
			runOnlyForDeploymentPostprocessing = 0;
		};
/* End PBXResourcesBuildPhase section */

/* Begin PBXShellScriptBuildPhase section */
		3321EC8A321853980776BBBF /* [CP] Check Pods Manifest.lock */ = {
			isa = PBXShellScriptBuildPhase;
			buildActionMask = 2147483647;
			files = (
			);
			inputFileListPaths = (
			);
			inputPaths = (
				"${PODS_PODFILE_DIR_PATH}/Podfile.lock",
				"${PODS_ROOT}/Manifest.lock",
			);
			name = "[CP] Check Pods Manifest.lock";
			outputFileListPaths = (
			);
			outputPaths = (
				"$(DERIVED_FILE_DIR)/Pods-GithubApp_RxSwiftTests-checkManifestLockResult.txt",
			);
			runOnlyForDeploymentPostprocessing = 0;
			shellPath = /bin/sh;
			shellScript = "diff \"${PODS_PODFILE_DIR_PATH}/Podfile.lock\" \"${PODS_ROOT}/Manifest.lock\" > /dev/null\nif [ $? != 0 ] ; then\n    # print error to STDERR\n    echo \"error: The sandbox is not in sync with the Podfile.lock. Run 'pod install' or update your CocoaPods installation.\" >&2\n    exit 1\nfi\n# This output is used by Xcode 'outputs' to avoid re-running this script phase.\necho \"SUCCESS\" > \"${SCRIPT_OUTPUT_FILE_0}\"\n";
			showEnvVarsInLog = 0;
		};
		3575E891E42088FF3194FFD6 /* [CP] Embed Pods Frameworks */ = {
			isa = PBXShellScriptBuildPhase;
			buildActionMask = 2147483647;
			files = (
			);
			inputFileListPaths = (
				"${PODS_ROOT}/Target Support Files/Pods-GithubApp_RxSwift/Pods-GithubApp_RxSwift-frameworks-${CONFIGURATION}-input-files.xcfilelist",
			);
			name = "[CP] Embed Pods Frameworks";
			outputFileListPaths = (
				"${PODS_ROOT}/Target Support Files/Pods-GithubApp_RxSwift/Pods-GithubApp_RxSwift-frameworks-${CONFIGURATION}-output-files.xcfilelist",
			);
			runOnlyForDeploymentPostprocessing = 0;
			shellPath = /bin/sh;
			shellScript = "\"${PODS_ROOT}/Target Support Files/Pods-GithubApp_RxSwift/Pods-GithubApp_RxSwift-frameworks.sh\"\n";
			showEnvVarsInLog = 0;
		};
		BD44E3AAEB3D675149CD85E5 /* [CP] Check Pods Manifest.lock */ = {
			isa = PBXShellScriptBuildPhase;
			buildActionMask = 2147483647;
			files = (
			);
			inputFileListPaths = (
			);
			inputPaths = (
				"${PODS_PODFILE_DIR_PATH}/Podfile.lock",
				"${PODS_ROOT}/Manifest.lock",
			);
			name = "[CP] Check Pods Manifest.lock";
			outputFileListPaths = (
			);
			outputPaths = (
				"$(DERIVED_FILE_DIR)/Pods-GithubApp_RxSwift-checkManifestLockResult.txt",
			);
			runOnlyForDeploymentPostprocessing = 0;
			shellPath = /bin/sh;
			shellScript = "diff \"${PODS_PODFILE_DIR_PATH}/Podfile.lock\" \"${PODS_ROOT}/Manifest.lock\" > /dev/null\nif [ $? != 0 ] ; then\n    # print error to STDERR\n    echo \"error: The sandbox is not in sync with the Podfile.lock. Run 'pod install' or update your CocoaPods installation.\" >&2\n    exit 1\nfi\n# This output is used by Xcode 'outputs' to avoid re-running this script phase.\necho \"SUCCESS\" > \"${SCRIPT_OUTPUT_FILE_0}\"\n";
			showEnvVarsInLog = 0;
		};
		F541A32D318179FF0CB1C030 /* [CP] Embed Pods Frameworks */ = {
			isa = PBXShellScriptBuildPhase;
			buildActionMask = 2147483647;
			files = (
			);
			inputFileListPaths = (
				"${PODS_ROOT}/Target Support Files/Pods-GithubApp_RxSwift-GithubApp_RxSwiftUITests/Pods-GithubApp_RxSwift-GithubApp_RxSwiftUITests-frameworks-${CONFIGURATION}-input-files.xcfilelist",
			);
			name = "[CP] Embed Pods Frameworks";
			outputFileListPaths = (
				"${PODS_ROOT}/Target Support Files/Pods-GithubApp_RxSwift-GithubApp_RxSwiftUITests/Pods-GithubApp_RxSwift-GithubApp_RxSwiftUITests-frameworks-${CONFIGURATION}-output-files.xcfilelist",
			);
			runOnlyForDeploymentPostprocessing = 0;
			shellPath = /bin/sh;
			shellScript = "\"${PODS_ROOT}/Target Support Files/Pods-GithubApp_RxSwift-GithubApp_RxSwiftUITests/Pods-GithubApp_RxSwift-GithubApp_RxSwiftUITests-frameworks.sh\"\n";
			showEnvVarsInLog = 0;
		};
		FDC935C89607D9115D4C2020 /* [CP] Check Pods Manifest.lock */ = {
			isa = PBXShellScriptBuildPhase;
			buildActionMask = 2147483647;
			files = (
			);
			inputFileListPaths = (
			);
			inputPaths = (
				"${PODS_PODFILE_DIR_PATH}/Podfile.lock",
				"${PODS_ROOT}/Manifest.lock",
			);
			name = "[CP] Check Pods Manifest.lock";
			outputFileListPaths = (
			);
			outputPaths = (
				"$(DERIVED_FILE_DIR)/Pods-GithubApp_RxSwift-GithubApp_RxSwiftUITests-checkManifestLockResult.txt",
			);
			runOnlyForDeploymentPostprocessing = 0;
			shellPath = /bin/sh;
			shellScript = "diff \"${PODS_PODFILE_DIR_PATH}/Podfile.lock\" \"${PODS_ROOT}/Manifest.lock\" > /dev/null\nif [ $? != 0 ] ; then\n    # print error to STDERR\n    echo \"error: The sandbox is not in sync with the Podfile.lock. Run 'pod install' or update your CocoaPods installation.\" >&2\n    exit 1\nfi\n# This output is used by Xcode 'outputs' to avoid re-running this script phase.\necho \"SUCCESS\" > \"${SCRIPT_OUTPUT_FILE_0}\"\n";
			showEnvVarsInLog = 0;
		};
/* End PBXShellScriptBuildPhase section */

/* Begin PBXSourcesBuildPhase section */
		E16E2B0728472E98003FB03D /* Sources */ = {
			isa = PBXSourcesBuildPhase;
			buildActionMask = 2147483647;
			files = (
				E16E2B0F28472E98003FB03D /* AppDelegate.swift in Sources */,
				E16E2B1128472E98003FB03D /* SceneDelegate.swift in Sources */,
				E1B1CA48284737E800BF172B /* Repository.swift in Sources */,
				E1B1CA4128472F8100BF172B /* RepositoryListViewController.swift in Sources */,
				E1B1CA432847303500BF172B /* RepositoryListCell.swift in Sources */,
			);
			runOnlyForDeploymentPostprocessing = 0;
		};
		E16E2B1D28472E9A003FB03D /* Sources */ = {
			isa = PBXSourcesBuildPhase;
			buildActionMask = 2147483647;
			files = (
			);
			runOnlyForDeploymentPostprocessing = 0;
		};
		E16E2B2728472E9A003FB03D /* Sources */ = {
			isa = PBXSourcesBuildPhase;
			buildActionMask = 2147483647;
			files = (
			);
			runOnlyForDeploymentPostprocessing = 0;
		};
/* End PBXSourcesBuildPhase section */

/* Begin PBXTargetDependency section */
		E16E2B2328472E9A003FB03D /* PBXTargetDependency */ = {
			isa = PBXTargetDependency;
			target = E16E2B0A28472E98003FB03D /* GithubApp_RxSwift */;
			targetProxy = E16E2B2228472E9A003FB03D /* PBXContainerItemProxy */;
		};
		E16E2B2D28472E9A003FB03D /* PBXTargetDependency */ = {
			isa = PBXTargetDependency;
			target = E16E2B0A28472E98003FB03D /* GithubApp_RxSwift */;
			targetProxy = E16E2B2C28472E9A003FB03D /* PBXContainerItemProxy */;
		};
/* End PBXTargetDependency section */

/* Begin PBXVariantGroup section */
		E16E2B1928472E9A003FB03D /* LaunchScreen.storyboard */ = {
			isa = PBXVariantGroup;
			children = (
				E16E2B1A28472E9A003FB03D /* Base */,
			);
			name = LaunchScreen.storyboard;
			sourceTree = "<group>";
		};
/* End PBXVariantGroup section */

/* Begin XCBuildConfiguration section */
		E16E2B3328472E9A003FB03D /* Debug */ = {
			isa = XCBuildConfiguration;
			buildSettings = {
				ALWAYS_SEARCH_USER_PATHS = NO;
				CLANG_ANALYZER_NONNULL = YES;
				CLANG_ANALYZER_NUMBER_OBJECT_CONVERSION = YES_AGGRESSIVE;
				CLANG_CXX_LANGUAGE_STANDARD = "gnu++17";
				CLANG_ENABLE_MODULES = YES;
				CLANG_ENABLE_OBJC_ARC = YES;
				CLANG_ENABLE_OBJC_WEAK = YES;
				CLANG_WARN_BLOCK_CAPTURE_AUTORELEASING = YES;
				CLANG_WARN_BOOL_CONVERSION = YES;
				CLANG_WARN_COMMA = YES;
				CLANG_WARN_CONSTANT_CONVERSION = YES;
				CLANG_WARN_DEPRECATED_OBJC_IMPLEMENTATIONS = YES;
				CLANG_WARN_DIRECT_OBJC_ISA_USAGE = YES_ERROR;
				CLANG_WARN_DOCUMENTATION_COMMENTS = YES;
				CLANG_WARN_EMPTY_BODY = YES;
				CLANG_WARN_ENUM_CONVERSION = YES;
				CLANG_WARN_INFINITE_RECURSION = YES;
				CLANG_WARN_INT_CONVERSION = YES;
				CLANG_WARN_NON_LITERAL_NULL_CONVERSION = YES;
				CLANG_WARN_OBJC_IMPLICIT_RETAIN_SELF = YES;
				CLANG_WARN_OBJC_LITERAL_CONVERSION = YES;
				CLANG_WARN_OBJC_ROOT_CLASS = YES_ERROR;
				CLANG_WARN_QUOTED_INCLUDE_IN_FRAMEWORK_HEADER = YES;
				CLANG_WARN_RANGE_LOOP_ANALYSIS = YES;
				CLANG_WARN_STRICT_PROTOTYPES = YES;
				CLANG_WARN_SUSPICIOUS_MOVE = YES;
				CLANG_WARN_UNGUARDED_AVAILABILITY = YES_AGGRESSIVE;
				CLANG_WARN_UNREACHABLE_CODE = YES;
				CLANG_WARN__DUPLICATE_METHOD_MATCH = YES;
				COPY_PHASE_STRIP = NO;
				DEBUG_INFORMATION_FORMAT = dwarf;
				ENABLE_STRICT_OBJC_MSGSEND = YES;
				ENABLE_TESTABILITY = YES;
				GCC_C_LANGUAGE_STANDARD = gnu11;
				GCC_DYNAMIC_NO_PIC = NO;
				GCC_NO_COMMON_BLOCKS = YES;
				GCC_OPTIMIZATION_LEVEL = 0;
				GCC_PREPROCESSOR_DEFINITIONS = (
					"DEBUG=1",
					"$(inherited)",
				);
				GCC_WARN_64_TO_32_BIT_CONVERSION = YES;
				GCC_WARN_ABOUT_RETURN_TYPE = YES_ERROR;
				GCC_WARN_UNDECLARED_SELECTOR = YES;
				GCC_WARN_UNINITIALIZED_AUTOS = YES_AGGRESSIVE;
				GCC_WARN_UNUSED_FUNCTION = YES;
				GCC_WARN_UNUSED_VARIABLE = YES;
				IPHONEOS_DEPLOYMENT_TARGET = 13.0;
				MTL_ENABLE_DEBUG_INFO = INCLUDE_SOURCE;
				MTL_FAST_MATH = YES;
				ONLY_ACTIVE_ARCH = YES;
				SDKROOT = iphoneos;
				SWIFT_ACTIVE_COMPILATION_CONDITIONS = DEBUG;
				SWIFT_OPTIMIZATION_LEVEL = "-Onone";
			};
			name = Debug;
		};
		E16E2B3428472E9A003FB03D /* Release */ = {
			isa = XCBuildConfiguration;
			buildSettings = {
				ALWAYS_SEARCH_USER_PATHS = NO;
				CLANG_ANALYZER_NONNULL = YES;
				CLANG_ANALYZER_NUMBER_OBJECT_CONVERSION = YES_AGGRESSIVE;
				CLANG_CXX_LANGUAGE_STANDARD = "gnu++17";
				CLANG_ENABLE_MODULES = YES;
				CLANG_ENABLE_OBJC_ARC = YES;
				CLANG_ENABLE_OBJC_WEAK = YES;
				CLANG_WARN_BLOCK_CAPTURE_AUTORELEASING = YES;
				CLANG_WARN_BOOL_CONVERSION = YES;
				CLANG_WARN_COMMA = YES;
				CLANG_WARN_CONSTANT_CONVERSION = YES;
				CLANG_WARN_DEPRECATED_OBJC_IMPLEMENTATIONS = YES;
				CLANG_WARN_DIRECT_OBJC_ISA_USAGE = YES_ERROR;
				CLANG_WARN_DOCUMENTATION_COMMENTS = YES;
				CLANG_WARN_EMPTY_BODY = YES;
				CLANG_WARN_ENUM_CONVERSION = YES;
				CLANG_WARN_INFINITE_RECURSION = YES;
				CLANG_WARN_INT_CONVERSION = YES;
				CLANG_WARN_NON_LITERAL_NULL_CONVERSION = YES;
				CLANG_WARN_OBJC_IMPLICIT_RETAIN_SELF = YES;
				CLANG_WARN_OBJC_LITERAL_CONVERSION = YES;
				CLANG_WARN_OBJC_ROOT_CLASS = YES_ERROR;
				CLANG_WARN_QUOTED_INCLUDE_IN_FRAMEWORK_HEADER = YES;
				CLANG_WARN_RANGE_LOOP_ANALYSIS = YES;
				CLANG_WARN_STRICT_PROTOTYPES = YES;
				CLANG_WARN_SUSPICIOUS_MOVE = YES;
				CLANG_WARN_UNGUARDED_AVAILABILITY = YES_AGGRESSIVE;
				CLANG_WARN_UNREACHABLE_CODE = YES;
				CLANG_WARN__DUPLICATE_METHOD_MATCH = YES;
				COPY_PHASE_STRIP = NO;
				DEBUG_INFORMATION_FORMAT = "dwarf-with-dsym";
				ENABLE_NS_ASSERTIONS = NO;
				ENABLE_STRICT_OBJC_MSGSEND = YES;
				GCC_C_LANGUAGE_STANDARD = gnu11;
				GCC_NO_COMMON_BLOCKS = YES;
				GCC_WARN_64_TO_32_BIT_CONVERSION = YES;
				GCC_WARN_ABOUT_RETURN_TYPE = YES_ERROR;
				GCC_WARN_UNDECLARED_SELECTOR = YES;
				GCC_WARN_UNINITIALIZED_AUTOS = YES_AGGRESSIVE;
				GCC_WARN_UNUSED_FUNCTION = YES;
				GCC_WARN_UNUSED_VARIABLE = YES;
				IPHONEOS_DEPLOYMENT_TARGET = 13.0;
				MTL_ENABLE_DEBUG_INFO = NO;
				MTL_FAST_MATH = YES;
				SDKROOT = iphoneos;
				SWIFT_COMPILATION_MODE = wholemodule;
				SWIFT_OPTIMIZATION_LEVEL = "-O";
				VALIDATE_PRODUCT = YES;
			};
			name = Release;
		};
		E16E2B3628472E9A003FB03D /* Debug */ = {
			isa = XCBuildConfiguration;
			baseConfigurationReference = 07F5451F791C4EF5C0F81294 /* Pods-GithubApp_RxSwift.debug.xcconfig */;
			buildSettings = {
				ASSETCATALOG_COMPILER_APPICON_NAME = AppIcon;
				ASSETCATALOG_COMPILER_GLOBAL_ACCENT_COLOR_NAME = AccentColor;
				CODE_SIGN_STYLE = Automatic;
				CURRENT_PROJECT_VERSION = 1;
				DEVELOPMENT_TEAM = R4G74AF442;
				GENERATE_INFOPLIST_FILE = YES;
				INFOPLIST_FILE = GithubApp_RxSwift/Info.plist;
				INFOPLIST_KEY_UIApplicationSupportsIndirectInputEvents = YES;
				INFOPLIST_KEY_UILaunchStoryboardName = LaunchScreen;
				INFOPLIST_KEY_UISupportedInterfaceOrientations = UIInterfaceOrientationPortrait;
				INFOPLIST_KEY_UISupportedInterfaceOrientations_iPad = "UIInterfaceOrientationPortrait UIInterfaceOrientationPortraitUpsideDown UIInterfaceOrientationLandscapeLeft UIInterfaceOrientationLandscapeRight";
				INFOPLIST_KEY_UISupportedInterfaceOrientations_iPhone = "UIInterfaceOrientationPortrait UIInterfaceOrientationLandscapeLeft UIInterfaceOrientationLandscapeRight";
				IPHONEOS_DEPLOYMENT_TARGET = 13.0;
				LD_RUNPATH_SEARCH_PATHS = (
					"$(inherited)",
					"@executable_path/Frameworks",
				);
				MARKETING_VERSION = 1.0;
				PRODUCT_BUNDLE_IDENTIFIER = "com.bhooncoding.GithubApp-RxSwift";
				PRODUCT_NAME = "$(TARGET_NAME)";
				SWIFT_EMIT_LOC_STRINGS = YES;
				SWIFT_VERSION = 5.0;
				TARGETED_DEVICE_FAMILY = 1;
			};
			name = Debug;
		};
		E16E2B3728472E9A003FB03D /* Release */ = {
			isa = XCBuildConfiguration;
			baseConfigurationReference = D573D284BD1BCCF3775B9EF5 /* Pods-GithubApp_RxSwift.release.xcconfig */;
			buildSettings = {
				ASSETCATALOG_COMPILER_APPICON_NAME = AppIcon;
				ASSETCATALOG_COMPILER_GLOBAL_ACCENT_COLOR_NAME = AccentColor;
				CODE_SIGN_STYLE = Automatic;
				CURRENT_PROJECT_VERSION = 1;
				DEVELOPMENT_TEAM = R4G74AF442;
				GENERATE_INFOPLIST_FILE = YES;
				INFOPLIST_FILE = GithubApp_RxSwift/Info.plist;
				INFOPLIST_KEY_UIApplicationSupportsIndirectInputEvents = YES;
				INFOPLIST_KEY_UILaunchStoryboardName = LaunchScreen;
				INFOPLIST_KEY_UISupportedInterfaceOrientations = UIInterfaceOrientationPortrait;
				INFOPLIST_KEY_UISupportedInterfaceOrientations_iPad = "UIInterfaceOrientationPortrait UIInterfaceOrientationPortraitUpsideDown UIInterfaceOrientationLandscapeLeft UIInterfaceOrientationLandscapeRight";
				INFOPLIST_KEY_UISupportedInterfaceOrientations_iPhone = "UIInterfaceOrientationPortrait UIInterfaceOrientationLandscapeLeft UIInterfaceOrientationLandscapeRight";
				IPHONEOS_DEPLOYMENT_TARGET = 13.0;
				LD_RUNPATH_SEARCH_PATHS = (
					"$(inherited)",
					"@executable_path/Frameworks",
				);
				MARKETING_VERSION = 1.0;
				PRODUCT_BUNDLE_IDENTIFIER = "com.bhooncoding.GithubApp-RxSwift";
				PRODUCT_NAME = "$(TARGET_NAME)";
				SWIFT_EMIT_LOC_STRINGS = YES;
				SWIFT_VERSION = 5.0;
				TARGETED_DEVICE_FAMILY = 1;
			};
			name = Release;
		};
		E16E2B3928472E9A003FB03D /* Debug */ = {
			isa = XCBuildConfiguration;
			baseConfigurationReference = 882A8D8EAF8A2DE23BEBAA43 /* Pods-GithubApp_RxSwiftTests.debug.xcconfig */;
			buildSettings = {
				ALWAYS_EMBED_SWIFT_STANDARD_LIBRARIES = YES;
				BUNDLE_LOADER = "$(TEST_HOST)";
				CODE_SIGN_STYLE = Automatic;
				CURRENT_PROJECT_VERSION = 1;
				DEVELOPMENT_TEAM = R4G74AF442;
				GENERATE_INFOPLIST_FILE = YES;
				IPHONEOS_DEPLOYMENT_TARGET = 15.5;
				MARKETING_VERSION = 1.0;
				PRODUCT_BUNDLE_IDENTIFIER = "com.bhooncoding.GithubApp-RxSwiftTests";
				PRODUCT_NAME = "$(TARGET_NAME)";
				SWIFT_EMIT_LOC_STRINGS = NO;
				SWIFT_VERSION = 5.0;
				TARGETED_DEVICE_FAMILY = "1,2";
				TEST_HOST = "$(BUILT_PRODUCTS_DIR)/GithubApp_RxSwift.app/GithubApp_RxSwift";
			};
			name = Debug;
		};
		E16E2B3A28472E9A003FB03D /* Release */ = {
			isa = XCBuildConfiguration;
			baseConfigurationReference = 57E53EC8F558595176BAC0A5 /* Pods-GithubApp_RxSwiftTests.release.xcconfig */;
			buildSettings = {
				ALWAYS_EMBED_SWIFT_STANDARD_LIBRARIES = YES;
				BUNDLE_LOADER = "$(TEST_HOST)";
				CODE_SIGN_STYLE = Automatic;
				CURRENT_PROJECT_VERSION = 1;
				DEVELOPMENT_TEAM = R4G74AF442;
				GENERATE_INFOPLIST_FILE = YES;
				IPHONEOS_DEPLOYMENT_TARGET = 15.5;
				MARKETING_VERSION = 1.0;
				PRODUCT_BUNDLE_IDENTIFIER = "com.bhooncoding.GithubApp-RxSwiftTests";
				PRODUCT_NAME = "$(TARGET_NAME)";
				SWIFT_EMIT_LOC_STRINGS = NO;
				SWIFT_VERSION = 5.0;
				TARGETED_DEVICE_FAMILY = "1,2";
				TEST_HOST = "$(BUILT_PRODUCTS_DIR)/GithubApp_RxSwift.app/GithubApp_RxSwift";
			};
			name = Release;
		};
		E16E2B3C28472E9A003FB03D /* Debug */ = {
			isa = XCBuildConfiguration;
			baseConfigurationReference = 3F4F76B9E1451EAB81451818 /* Pods-GithubApp_RxSwift-GithubApp_RxSwiftUITests.debug.xcconfig */;
			buildSettings = {
				ALWAYS_EMBED_SWIFT_STANDARD_LIBRARIES = YES;
				CODE_SIGN_STYLE = Automatic;
				CURRENT_PROJECT_VERSION = 1;
				DEVELOPMENT_TEAM = R4G74AF442;
				GENERATE_INFOPLIST_FILE = YES;
				MARKETING_VERSION = 1.0;
				PRODUCT_BUNDLE_IDENTIFIER = "com.bhooncoding.GithubApp-RxSwiftUITests";
				PRODUCT_NAME = "$(TARGET_NAME)";
				SWIFT_EMIT_LOC_STRINGS = NO;
				SWIFT_VERSION = 5.0;
				TARGETED_DEVICE_FAMILY = "1,2";
				TEST_TARGET_NAME = GithubApp_RxSwift;
			};
			name = Debug;
		};
		E16E2B3D28472E9A003FB03D /* Release */ = {
			isa = XCBuildConfiguration;
			baseConfigurationReference = F1EB35557B4BBEEFCF91704C /* Pods-GithubApp_RxSwift-GithubApp_RxSwiftUITests.release.xcconfig */;
			buildSettings = {
				ALWAYS_EMBED_SWIFT_STANDARD_LIBRARIES = YES;
				CODE_SIGN_STYLE = Automatic;
				CURRENT_PROJECT_VERSION = 1;
				DEVELOPMENT_TEAM = R4G74AF442;
				GENERATE_INFOPLIST_FILE = YES;
				MARKETING_VERSION = 1.0;
				PRODUCT_BUNDLE_IDENTIFIER = "com.bhooncoding.GithubApp-RxSwiftUITests";
				PRODUCT_NAME = "$(TARGET_NAME)";
				SWIFT_EMIT_LOC_STRINGS = NO;
				SWIFT_VERSION = 5.0;
				TARGETED_DEVICE_FAMILY = "1,2";
				TEST_TARGET_NAME = GithubApp_RxSwift;
			};
			name = Release;
		};
/* End XCBuildConfiguration section */

/* Begin XCConfigurationList section */
		E16E2B0628472E98003FB03D /* Build configuration list for PBXProject "GithubApp_RxSwift" */ = {
			isa = XCConfigurationList;
			buildConfigurations = (
				E16E2B3328472E9A003FB03D /* Debug */,
				E16E2B3428472E9A003FB03D /* Release */,
			);
			defaultConfigurationIsVisible = 0;
			defaultConfigurationName = Release;
		};
		E16E2B3528472E9A003FB03D /* Build configuration list for PBXNativeTarget "GithubApp_RxSwift" */ = {
			isa = XCConfigurationList;
			buildConfigurations = (
				E16E2B3628472E9A003FB03D /* Debug */,
				E16E2B3728472E9A003FB03D /* Release */,
			);
			defaultConfigurationIsVisible = 0;
			defaultConfigurationName = Release;
		};
		E16E2B3828472E9A003FB03D /* Build configuration list for PBXNativeTarget "GithubApp_RxSwiftTests" */ = {
			isa = XCConfigurationList;
			buildConfigurations = (
				E16E2B3928472E9A003FB03D /* Debug */,
				E16E2B3A28472E9A003FB03D /* Release */,
			);
			defaultConfigurationIsVisible = 0;
			defaultConfigurationName = Release;
		};
		E16E2B3B28472E9A003FB03D /* Build configuration list for PBXNativeTarget "GithubApp_RxSwiftUITests" */ = {
			isa = XCConfigurationList;
			buildConfigurations = (
				E16E2B3C28472E9A003FB03D /* Debug */,
				E16E2B3D28472E9A003FB03D /* Release */,
			);
			defaultConfigurationIsVisible = 0;
			defaultConfigurationName = Release;
		};
/* End XCConfigurationList section */

/* Begin XCRemoteSwiftPackageReference section */
		E1B1CA44284730BA00BF172B /* XCRemoteSwiftPackageReference "SnapKit" */ = {
			isa = XCRemoteSwiftPackageReference;
			repositoryURL = "https://github.com/SnapKit/SnapKit";
			requirement = {
				kind = upToNextMajorVersion;
				minimumVersion = 5.0.0;
			};
		};
/* End XCRemoteSwiftPackageReference section */

/* Begin XCSwiftPackageProductDependency section */
		E1B1CA45284730BA00BF172B /* SnapKit */ = {
			isa = XCSwiftPackageProductDependency;
			package = E1B1CA44284730BA00BF172B /* XCRemoteSwiftPackageReference "SnapKit" */;
			productName = SnapKit;
		};
/* End XCSwiftPackageProductDependency section */
	};
	rootObject = E16E2B0328472E98003FB03D /* Project object */;
}
